// !$*UTF8*$!
{
	archiveVersion = 1;
	classes = {
	};
	objectVersion = 50;
	objects = {

/* Begin PBXBuildFile section */
		C85A37E825059347004832AE /* FileHandler.swift in Sources */ = {isa = PBXBuildFile; fileRef = C85A37E725059347004832AE /* FileHandler.swift */; };
		C86F6AED2507029B0004D47E /* Date+Additions.swift in Sources */ = {isa = PBXBuildFile; fileRef = C86F6AEC2507029B0004D47E /* Date+Additions.swift */; };
		C86F6AF125072B8F0004D47E /* HeaderView.swift in Sources */ = {isa = PBXBuildFile; fileRef = C86F6AF025072B8F0004D47E /* HeaderView.swift */; };
		C86F6AF325072BC50004D47E /* DropdownMenuView.swift in Sources */ = {isa = PBXBuildFile; fileRef = C86F6AF225072BC50004D47E /* DropdownMenuView.swift */; };
		C86F6AF5250B2FDA0004D47E /* NSImage+Additions.swift in Sources */ = {isa = PBXBuildFile; fileRef = C86F6AF4250B2FDA0004D47E /* NSImage+Additions.swift */; };
		C86F6AF9250D3DAF0004D47E /* Colors.xcassets in Resources */ = {isa = PBXBuildFile; fileRef = C86F6AF8250D3DAF0004D47E /* Colors.xcassets */; };
		C88D3C36250429E300A67E0B /* AppDelegate.swift in Sources */ = {isa = PBXBuildFile; fileRef = C88D3C35250429E300A67E0B /* AppDelegate.swift */; };
		C88D3C38250429E300A67E0B /* ContentView.swift in Sources */ = {isa = PBXBuildFile; fileRef = C88D3C37250429E300A67E0B /* ContentView.swift */; };
		C88D3C3A250429E400A67E0B /* Assets.xcassets in Resources */ = {isa = PBXBuildFile; fileRef = C88D3C39250429E400A67E0B /* Assets.xcassets */; };
		C88D3C3D250429E400A67E0B /* Preview Assets.xcassets in Resources */ = {isa = PBXBuildFile; fileRef = C88D3C3C250429E400A67E0B /* Preview Assets.xcassets */; };
		C88D3C40250429E400A67E0B /* Main.storyboard in Resources */ = {isa = PBXBuildFile; fileRef = C88D3C3E250429E400A67E0B /* Main.storyboard */; };
		C88D3C4B25043D1800A67E0B /* ScreenshotMonitor.swift in Sources */ = {isa = PBXBuildFile; fileRef = C88D3C4A25043D1800A67E0B /* ScreenshotMonitor.swift */; };
		C88D3C502505710800A67E0B /* ScreenshotListViewModel.swift in Sources */ = {isa = PBXBuildFile; fileRef = C88D3C4F2505710800A67E0B /* ScreenshotListViewModel.swift */; };
		C88D3C522505711800A67E0B /* ScreenshotViewModel.swift in Sources */ = {isa = PBXBuildFile; fileRef = C88D3C512505711800A67E0B /* ScreenshotViewModel.swift */; };
		C88D3C542505712900A67E0B /* ScreenshotListView.swift in Sources */ = {isa = PBXBuildFile; fileRef = C88D3C532505712900A67E0B /* ScreenshotListView.swift */; };
		C88D3C562505713400A67E0B /* ScreenshotView.swift in Sources */ = {isa = PBXBuildFile; fileRef = C88D3C552505713400A67E0B /* ScreenshotView.swift */; };
		C88D3C582505714000A67E0B /* Screenshot.swift in Sources */ = {isa = PBXBuildFile; fileRef = C88D3C572505714000A67E0B /* Screenshot.swift */; };
		C88D3C5A2505714700A67E0B /* ScreenshotList.swift in Sources */ = {isa = PBXBuildFile; fileRef = C88D3C592505714700A67E0B /* ScreenshotList.swift */; };
/* End PBXBuildFile section */

/* Begin PBXFileReference section */
		C85A37E725059347004832AE /* FileHandler.swift */ = {isa = PBXFileReference; lastKnownFileType = sourcecode.swift; path = FileHandler.swift; sourceTree = "<group>"; };
		C86F6AEC2507029B0004D47E /* Date+Additions.swift */ = {isa = PBXFileReference; lastKnownFileType = sourcecode.swift; path = "Date+Additions.swift"; sourceTree = "<group>"; };
		C86F6AF025072B8F0004D47E /* HeaderView.swift */ = {isa = PBXFileReference; lastKnownFileType = sourcecode.swift; path = HeaderView.swift; sourceTree = "<group>"; };
		C86F6AF225072BC50004D47E /* DropdownMenuView.swift */ = {isa = PBXFileReference; lastKnownFileType = sourcecode.swift; path = DropdownMenuView.swift; sourceTree = "<group>"; };
		C86F6AF4250B2FDA0004D47E /* NSImage+Additions.swift */ = {isa = PBXFileReference; lastKnownFileType = sourcecode.swift; path = "NSImage+Additions.swift"; sourceTree = "<group>"; };
		C86F6AF8250D3DAF0004D47E /* Colors.xcassets */ = {isa = PBXFileReference; lastKnownFileType = folder.assetcatalog; path = Colors.xcassets; sourceTree = "<group>"; };
		C88D3C32250429E300A67E0B /* Snapbar.app */ = {isa = PBXFileReference; explicitFileType = wrapper.application; includeInIndex = 0; path = Snapbar.app; sourceTree = BUILT_PRODUCTS_DIR; };
		C88D3C35250429E300A67E0B /* AppDelegate.swift */ = {isa = PBXFileReference; lastKnownFileType = sourcecode.swift; path = AppDelegate.swift; sourceTree = "<group>"; };
		C88D3C37250429E300A67E0B /* ContentView.swift */ = {isa = PBXFileReference; lastKnownFileType = sourcecode.swift; path = ContentView.swift; sourceTree = "<group>"; };
		C88D3C39250429E400A67E0B /* Assets.xcassets */ = {isa = PBXFileReference; lastKnownFileType = folder.assetcatalog; path = Assets.xcassets; sourceTree = "<group>"; };
		C88D3C3C250429E400A67E0B /* Preview Assets.xcassets */ = {isa = PBXFileReference; lastKnownFileType = folder.assetcatalog; path = "Preview Assets.xcassets"; sourceTree = "<group>"; };
		C88D3C3F250429E400A67E0B /* Base */ = {isa = PBXFileReference; lastKnownFileType = file.storyboard; name = Base; path = Base.lproj/Main.storyboard; sourceTree = "<group>"; };
		C88D3C41250429E400A67E0B /* Info.plist */ = {isa = PBXFileReference; lastKnownFileType = text.plist.xml; path = Info.plist; sourceTree = "<group>"; };
		C88D3C42250429E400A67E0B /* Snapbar.entitlements */ = {isa = PBXFileReference; lastKnownFileType = text.plist.entitlements; path = Snapbar.entitlements; sourceTree = "<group>"; };
		C88D3C4A25043D1800A67E0B /* ScreenshotMonitor.swift */ = {isa = PBXFileReference; lastKnownFileType = sourcecode.swift; path = ScreenshotMonitor.swift; sourceTree = "<group>"; };
		C88D3C4F2505710800A67E0B /* ScreenshotListViewModel.swift */ = {isa = PBXFileReference; lastKnownFileType = sourcecode.swift; path = ScreenshotListViewModel.swift; sourceTree = "<group>"; };
		C88D3C512505711800A67E0B /* ScreenshotViewModel.swift */ = {isa = PBXFileReference; lastKnownFileType = sourcecode.swift; path = ScreenshotViewModel.swift; sourceTree = "<group>"; };
		C88D3C532505712900A67E0B /* ScreenshotListView.swift */ = {isa = PBXFileReference; lastKnownFileType = sourcecode.swift; path = ScreenshotListView.swift; sourceTree = "<group>"; };
		C88D3C552505713400A67E0B /* ScreenshotView.swift */ = {isa = PBXFileReference; lastKnownFileType = sourcecode.swift; path = ScreenshotView.swift; sourceTree = "<group>"; };
		C88D3C572505714000A67E0B /* Screenshot.swift */ = {isa = PBXFileReference; lastKnownFileType = sourcecode.swift; path = Screenshot.swift; sourceTree = "<group>"; };
		C88D3C592505714700A67E0B /* ScreenshotList.swift */ = {isa = PBXFileReference; lastKnownFileType = sourcecode.swift; path = ScreenshotList.swift; sourceTree = "<group>"; };
/* End PBXFileReference section */

/* Begin PBXFrameworksBuildPhase section */
		C88D3C2F250429E300A67E0B /* Frameworks */ = {
			isa = PBXFrameworksBuildPhase;
			buildActionMask = 2147483647;
			files = (
			);
			runOnlyForDeploymentPostprocessing = 0;
		};
/* End PBXFrameworksBuildPhase section */

/* Begin PBXGroup section */
		C85A37E625058C89004832AE /* Helpers */ = {
			isa = PBXGroup;
			children = (
				C85A37E725059347004832AE /* FileHandler.swift */,
				C88D3C4A25043D1800A67E0B /* ScreenshotMonitor.swift */,
				C86F6AEC2507029B0004D47E /* Date+Additions.swift */,
				C86F6AF4250B2FDA0004D47E /* NSImage+Additions.swift */,
			);
			path = Helpers;
			sourceTree = "<group>";
		};
		C88D3C29250429E300A67E0B = {
			isa = PBXGroup;
			children = (
				C88D3C34250429E300A67E0B /* Snapbar */,
				C88D3C33250429E300A67E0B /* Products */,
			);
			sourceTree = "<group>";
		};
		C88D3C33250429E300A67E0B /* Products */ = {
			isa = PBXGroup;
			children = (
				C88D3C32250429E300A67E0B /* Snapbar.app */,
			);
			name = Products;
			sourceTree = "<group>";
		};
		C88D3C34250429E300A67E0B /* Snapbar */ = {
			isa = PBXGroup;
			children = (
				C85A37E625058C89004832AE /* Helpers */,
				C88D3C4C250570F300A67E0B /* Models */,
				C88D3C4E250570FA00A67E0B /* ViewModels */,
				C88D3C4D250570F700A67E0B /* Views */,
				C88D3C35250429E300A67E0B /* AppDelegate.swift */,
				C88D3C39250429E400A67E0B /* Assets.xcassets */,
				C86F6AF8250D3DAF0004D47E /* Colors.xcassets */,
				C88D3C3E250429E400A67E0B /* Main.storyboard */,
				C88D3C41250429E400A67E0B /* Info.plist */,
				C88D3C42250429E400A67E0B /* Snapbar.entitlements */,
				C88D3C3B250429E400A67E0B /* Preview Content */,
			);
			path = Snapbar;
			sourceTree = "<group>";
		};
		C88D3C3B250429E400A67E0B /* Preview Content */ = {
			isa = PBXGroup;
			children = (
				C88D3C3C250429E400A67E0B /* Preview Assets.xcassets */,
			);
			path = "Preview Content";
			sourceTree = "<group>";
		};
		C88D3C4C250570F300A67E0B /* Models */ = {
			isa = PBXGroup;
			children = (
				C88D3C572505714000A67E0B /* Screenshot.swift */,
				C88D3C592505714700A67E0B /* ScreenshotList.swift */,
			);
			path = Models;
			sourceTree = "<group>";
		};
		C88D3C4D250570F700A67E0B /* Views */ = {
			isa = PBXGroup;
			children = (
				C88D3C37250429E300A67E0B /* ContentView.swift */,
				C88D3C532505712900A67E0B /* ScreenshotListView.swift */,
				C88D3C552505713400A67E0B /* ScreenshotView.swift */,
				C86F6AF025072B8F0004D47E /* HeaderView.swift */,
				C86F6AF225072BC50004D47E /* DropdownMenuView.swift */,
			);
			path = Views;
			sourceTree = "<group>";
		};
		C88D3C4E250570FA00A67E0B /* ViewModels */ = {
			isa = PBXGroup;
			children = (
				C88D3C4F2505710800A67E0B /* ScreenshotListViewModel.swift */,
				C88D3C512505711800A67E0B /* ScreenshotViewModel.swift */,
			);
			path = ViewModels;
			sourceTree = "<group>";
		};
/* End PBXGroup section */

/* Begin PBXNativeTarget section */
		C88D3C31250429E300A67E0B /* Snapbar */ = {
			isa = PBXNativeTarget;
			buildConfigurationList = C88D3C45250429E400A67E0B /* Build configuration list for PBXNativeTarget "Snapbar" */;
			buildPhases = (
				C88D3C2E250429E300A67E0B /* Sources */,
				C88D3C2F250429E300A67E0B /* Frameworks */,
				C88D3C30250429E300A67E0B /* Resources */,
			);
			buildRules = (
			);
			dependencies = (
			);
			name = Snapbar;
			productName = Snapbar;
			productReference = C88D3C32250429E300A67E0B /* Snapbar.app */;
			productType = "com.apple.product-type.application";
		};
/* End PBXNativeTarget section */

/* Begin PBXProject section */
		C88D3C2A250429E300A67E0B /* Project object */ = {
			isa = PBXProject;
			attributes = {
				LastSwiftUpdateCheck = 1170;
				LastUpgradeCheck = 1170;
				ORGANIZATIONNAME = "Jay Stakelon";
				TargetAttributes = {
					C88D3C31250429E300A67E0B = {
						CreatedOnToolsVersion = 11.7;
					};
				};
			};
			buildConfigurationList = C88D3C2D250429E300A67E0B /* Build configuration list for PBXProject "Snapbar" */;
			compatibilityVersion = "Xcode 9.3";
			developmentRegion = en;
			hasScannedForEncodings = 0;
			knownRegions = (
				en,
				Base,
			);
			mainGroup = C88D3C29250429E300A67E0B;
			productRefGroup = C88D3C33250429E300A67E0B /* Products */;
			projectDirPath = "";
			projectRoot = "";
			targets = (
				C88D3C31250429E300A67E0B /* Snapbar */,
			);
		};
/* End PBXProject section */

/* Begin PBXResourcesBuildPhase section */
		C88D3C30250429E300A67E0B /* Resources */ = {
			isa = PBXResourcesBuildPhase;
			buildActionMask = 2147483647;
			files = (
				C88D3C40250429E400A67E0B /* Main.storyboard in Resources */,
				C86F6AF9250D3DAF0004D47E /* Colors.xcassets in Resources */,
				C88D3C3D250429E400A67E0B /* Preview Assets.xcassets in Resources */,
				C88D3C3A250429E400A67E0B /* Assets.xcassets in Resources */,
			);
			runOnlyForDeploymentPostprocessing = 0;
		};
/* End PBXResourcesBuildPhase section */

/* Begin PBXSourcesBuildPhase section */
		C88D3C2E250429E300A67E0B /* Sources */ = {
			isa = PBXSourcesBuildPhase;
			buildActionMask = 2147483647;
			files = (
				C88D3C4B25043D1800A67E0B /* ScreenshotMonitor.swift in Sources */,
				C88D3C5A2505714700A67E0B /* ScreenshotList.swift in Sources */,
				C86F6AF5250B2FDA0004D47E /* NSImage+Additions.swift in Sources */,
				C88D3C582505714000A67E0B /* Screenshot.swift in Sources */,
				C88D3C38250429E300A67E0B /* ContentView.swift in Sources */,
				C88D3C502505710800A67E0B /* ScreenshotListViewModel.swift in Sources */,
				C88D3C36250429E300A67E0B /* AppDelegate.swift in Sources */,
				C88D3C562505713400A67E0B /* ScreenshotView.swift in Sources */,
				C86F6AF125072B8F0004D47E /* HeaderView.swift in Sources */,
				C88D3C542505712900A67E0B /* ScreenshotListView.swift in Sources */,
				C86F6AF325072BC50004D47E /* DropdownMenuView.swift in Sources */,
				C85A37E825059347004832AE /* FileHandler.swift in Sources */,
				C88D3C522505711800A67E0B /* ScreenshotViewModel.swift in Sources */,
				C86F6AED2507029B0004D47E /* Date+Additions.swift in Sources */,
			);
			runOnlyForDeploymentPostprocessing = 0;
		};
/* End PBXSourcesBuildPhase section */

/* Begin PBXVariantGroup section */
		C88D3C3E250429E400A67E0B /* Main.storyboard */ = {
			isa = PBXVariantGroup;
			children = (
				C88D3C3F250429E400A67E0B /* Base */,
			);
			name = Main.storyboard;
			sourceTree = "<group>";
		};
/* End PBXVariantGroup section */

/* Begin XCBuildConfiguration section */
		C88D3C43250429E400A67E0B /* Debug */ = {
			isa = XCBuildConfiguration;
			buildSettings = {
				ALWAYS_SEARCH_USER_PATHS = NO;
				CLANG_ANALYZER_NONNULL = YES;
				CLANG_ANALYZER_NUMBER_OBJECT_CONVERSION = YES_AGGRESSIVE;
				CLANG_CXX_LANGUAGE_STANDARD = "gnu++14";
				CLANG_CXX_LIBRARY = "libc++";
				CLANG_ENABLE_MODULES = YES;
				CLANG_ENABLE_OBJC_ARC = YES;
				CLANG_ENABLE_OBJC_WEAK = YES;
				CLANG_WARN_BLOCK_CAPTURE_AUTORELEASING = YES;
				CLANG_WARN_BOOL_CONVERSION = YES;
				CLANG_WARN_COMMA = YES;
				CLANG_WARN_CONSTANT_CONVERSION = YES;
				CLANG_WARN_DEPRECATED_OBJC_IMPLEMENTATIONS = YES;
				CLANG_WARN_DIRECT_OBJC_ISA_USAGE = YES_ERROR;
				CLANG_WARN_DOCUMENTATION_COMMENTS = YES;
				CLANG_WARN_EMPTY_BODY = YES;
				CLANG_WARN_ENUM_CONVERSION = YES;
				CLANG_WARN_INFINITE_RECURSION = YES;
				CLANG_WARN_INT_CONVERSION = YES;
				CLANG_WARN_NON_LITERAL_NULL_CONVERSION = YES;
				CLANG_WARN_OBJC_IMPLICIT_RETAIN_SELF = YES;
				CLANG_WARN_OBJC_LITERAL_CONVERSION = YES;
				CLANG_WARN_OBJC_ROOT_CLASS = YES_ERROR;
				CLANG_WARN_RANGE_LOOP_ANALYSIS = YES;
				CLANG_WARN_STRICT_PROTOTYPES = YES;
				CLANG_WARN_SUSPICIOUS_MOVE = YES;
				CLANG_WARN_UNGUARDED_AVAILABILITY = YES_AGGRESSIVE;
				CLANG_WARN_UNREACHABLE_CODE = YES;
				CLANG_WARN__DUPLICATE_METHOD_MATCH = YES;
				COPY_PHASE_STRIP = NO;
				DEBUG_INFORMATION_FORMAT = dwarf;
				ENABLE_STRICT_OBJC_MSGSEND = YES;
				ENABLE_TESTABILITY = YES;
				GCC_C_LANGUAGE_STANDARD = gnu11;
				GCC_DYNAMIC_NO_PIC = NO;
				GCC_NO_COMMON_BLOCKS = YES;
				GCC_OPTIMIZATION_LEVEL = 0;
				GCC_PREPROCESSOR_DEFINITIONS = (
					"DEBUG=1",
					"$(inherited)",
				);
				GCC_WARN_64_TO_32_BIT_CONVERSION = YES;
				GCC_WARN_ABOUT_RETURN_TYPE = YES_ERROR;
				GCC_WARN_UNDECLARED_SELECTOR = YES;
				GCC_WARN_UNINITIALIZED_AUTOS = YES_AGGRESSIVE;
				GCC_WARN_UNUSED_FUNCTION = YES;
				GCC_WARN_UNUSED_VARIABLE = YES;
				MACOSX_DEPLOYMENT_TARGET = 10.15;
				MTL_ENABLE_DEBUG_INFO = INCLUDE_SOURCE;
				MTL_FAST_MATH = YES;
				ONLY_ACTIVE_ARCH = YES;
				SDKROOT = macosx;
				SWIFT_ACTIVE_COMPILATION_CONDITIONS = DEBUG;
				SWIFT_OPTIMIZATION_LEVEL = "-Onone";
			};
			name = Debug;
		};
		C88D3C44250429E400A67E0B /* Release */ = {
			isa = XCBuildConfiguration;
			buildSettings = {
				ALWAYS_SEARCH_USER_PATHS = NO;
				CLANG_ANALYZER_NONNULL = YES;
				CLANG_ANALYZER_NUMBER_OBJECT_CONVERSION = YES_AGGRESSIVE;
				CLANG_CXX_LANGUAGE_STANDARD = "gnu++14";
				CLANG_CXX_LIBRARY = "libc++";
				CLANG_ENABLE_MODULES = YES;
				CLANG_ENABLE_OBJC_ARC = YES;
				CLANG_ENABLE_OBJC_WEAK = YES;
				CLANG_WARN_BLOCK_CAPTURE_AUTORELEASING = YES;
				CLANG_WARN_BOOL_CONVERSION = YES;
				CLANG_WARN_COMMA = YES;
				CLANG_WARN_CONSTANT_CONVERSION = YES;
				CLANG_WARN_DEPRECATED_OBJC_IMPLEMENTATIONS = YES;
				CLANG_WARN_DIRECT_OBJC_ISA_USAGE = YES_ERROR;
				CLANG_WARN_DOCUMENTATION_COMMENTS = YES;
				CLANG_WARN_EMPTY_BODY = YES;
				CLANG_WARN_ENUM_CONVERSION = YES;
				CLANG_WARN_INFINITE_RECURSION = YES;
				CLANG_WARN_INT_CONVERSION = YES;
				CLANG_WARN_NON_LITERAL_NULL_CONVERSION = YES;
				CLANG_WARN_OBJC_IMPLICIT_RETAIN_SELF = YES;
				CLANG_WARN_OBJC_LITERAL_CONVERSION = YES;
				CLANG_WARN_OBJC_ROOT_CLASS = YES_ERROR;
				CLANG_WARN_RANGE_LOOP_ANALYSIS = YES;
				CLANG_WARN_STRICT_PROTOTYPES = YES;
				CLANG_WARN_SUSPICIOUS_MOVE = YES;
				CLANG_WARN_UNGUARDED_AVAILABILITY = YES_AGGRESSIVE;
				CLANG_WARN_UNREACHABLE_CODE = YES;
				CLANG_WARN__DUPLICATE_METHOD_MATCH = YES;
				COPY_PHASE_STRIP = NO;
				DEBUG_INFORMATION_FORMAT = "dwarf-with-dsym";
				ENABLE_NS_ASSERTIONS = NO;
				ENABLE_STRICT_OBJC_MSGSEND = YES;
				GCC_C_LANGUAGE_STANDARD = gnu11;
				GCC_NO_COMMON_BLOCKS = YES;
				GCC_WARN_64_TO_32_BIT_CONVERSION = YES;
				GCC_WARN_ABOUT_RETURN_TYPE = YES_ERROR;
				GCC_WARN_UNDECLARED_SELECTOR = YES;
				GCC_WARN_UNINITIALIZED_AUTOS = YES_AGGRESSIVE;
				GCC_WARN_UNUSED_FUNCTION = YES;
				GCC_WARN_UNUSED_VARIABLE = YES;
				MACOSX_DEPLOYMENT_TARGET = 10.15;
				MTL_ENABLE_DEBUG_INFO = NO;
				MTL_FAST_MATH = YES;
				SDKROOT = macosx;
				SWIFT_COMPILATION_MODE = wholemodule;
				SWIFT_OPTIMIZATION_LEVEL = "-O";
			};
			name = Release;
		};
		C88D3C46250429E400A67E0B /* Debug */ = {
			isa = XCBuildConfiguration;
			buildSettings = {
				ASSETCATALOG_COMPILER_APPICON_NAME = AppIcon;
				CODE_SIGN_ENTITLEMENTS = Snapbar/Snapbar.entitlements;
				CODE_SIGN_STYLE = Automatic;
				COMBINE_HIDPI_IMAGES = YES;
				DEVELOPMENT_ASSET_PATHS = "\"Snapbar/Preview Content\"";
				DEVELOPMENT_TEAM = F725AN38JF;
				ENABLE_HARDENED_RUNTIME = YES;
				ENABLE_PREVIEWS = YES;
				INFOPLIST_FILE = Snapbar/Info.plist;
				LD_RUNPATH_SEARCH_PATHS = (
					"$(inherited)",
					"@executable_path/../Frameworks",
				);
				MACOSX_DEPLOYMENT_TARGET = 10.15;
				PRODUCT_BUNDLE_IDENTIFIER = com.stakelon.Snapbar;
				PRODUCT_NAME = "$(TARGET_NAME)";
				SWIFT_VERSION = 5.0;
			};
			name = Debug;
		};
		C88D3C47250429E400A67E0B /* Release */ = {
			isa = XCBuildConfiguration;
			buildSettings = {
				ASSETCATALOG_COMPILER_APPICON_NAME = AppIcon;
				CODE_SIGN_ENTITLEMENTS = Snapbar/Snapbar.entitlements;
				CODE_SIGN_STYLE = Automatic;
				COMBINE_HIDPI_IMAGES = YES;
				DEVELOPMENT_ASSET_PATHS = "\"Snapbar/Preview Content\"";
				DEVELOPMENT_TEAM = F725AN38JF;
				ENABLE_HARDENED_RUNTIME = YES;
				ENABLE_PREVIEWS = YES;
				INFOPLIST_FILE = Snapbar/Info.plist;
				LD_RUNPATH_SEARCH_PATHS = (
					"$(inherited)",
					"@executable_path/../Frameworks",
				);
				MACOSX_DEPLOYMENT_TARGET = 10.15;
				PRODUCT_BUNDLE_IDENTIFIER = com.stakelon.Snapbar;
				PRODUCT_NAME = "$(TARGET_NAME)";
				SWIFT_VERSION = 5.0;
			};
			name = Release;
		};
/* End XCBuildConfiguration section */

/* Begin XCConfigurationList section */
		C88D3C2D250429E300A67E0B /* Build configuration list for PBXProject "Snapbar" */ = {
			isa = XCConfigurationList;
			buildConfigurations = (
				C88D3C43250429E400A67E0B /* Debug */,
				C88D3C44250429E400A67E0B /* Release */,
			);
			defaultConfigurationIsVisible = 0;
			defaultConfigurationName = Release;
		};
		C88D3C45250429E400A67E0B /* Build configuration list for PBXNativeTarget "Snapbar" */ = {
			isa = XCConfigurationList;
			buildConfigurations = (
				C88D3C46250429E400A67E0B /* Debug */,
				C88D3C47250429E400A67E0B /* Release */,
			);
			defaultConfigurationIsVisible = 0;
			defaultConfigurationName = Release;
		};
/* End XCConfigurationList section */
	};
	rootObject = C88D3C2A250429E300A67E0B /* Project object */;
}
